// !$*UTF8*$!
{
	archiveVersion = 1;
	classes = {
	};
	objectVersion = 46;
	objects = {

/* Begin PBXBuildFile section */
		8D7CFC0D1EADB8E80050134E /* AppDelegate.swift in Sources */ = {isa = PBXBuildFile; fileRef = 8D7CFC0C1EADB8E80050134E /* AppDelegate.swift */; };
		8D7CFC0F1EADB8E80050134E /* ViewController.swift in Sources */ = {isa = PBXBuildFile; fileRef = 8D7CFC0E1EADB8E80050134E /* ViewController.swift */; };
		8D7CFC121EADB8E80050134E /* Main.storyboard in Resources */ = {isa = PBXBuildFile; fileRef = 8D7CFC101EADB8E80050134E /* Main.storyboard */; };
		8D7CFC151EADB8E80050134E /* LeftSlideOutMenu.xcdatamodeld in Sources */ = {isa = PBXBuildFile; fileRef = 8D7CFC131EADB8E80050134E /* LeftSlideOutMenu.xcdatamodeld */; };
		8D7CFC171EADB8E80050134E /* Assets.xcassets in Resources */ = {isa = PBXBuildFile; fileRef = 8D7CFC161EADB8E80050134E /* Assets.xcassets */; };
		8D7CFC1A1EADB8E80050134E /* LaunchScreen.storyboard in Resources */ = {isa = PBXBuildFile; fileRef = 8D7CFC181EADB8E80050134E /* LaunchScreen.storyboard */; };
		8D7CFC251EADB8EA0050134E /* LeftSlideOutMenuTests.swift in Sources */ = {isa = PBXBuildFile; fileRef = 8D7CFC241EADB8EA0050134E /* LeftSlideOutMenuTests.swift */; };
		8D7CFC301EADB8EA0050134E /* LeftSlideOutMenuUITests.swift in Sources */ = {isa = PBXBuildFile; fileRef = 8D7CFC2F1EADB8EA0050134E /* LeftSlideOutMenuUITests.swift */; };
/* End PBXBuildFile section */

/* Begin PBXContainerItemProxy section */
		8D7CFC211EADB8EA0050134E /* PBXContainerItemProxy */ = {
			isa = PBXContainerItemProxy;
			containerPortal = 8D7CFC011EADB8E80050134E /* Project object */;
			proxyType = 1;
			remoteGlobalIDString = 8D7CFC081EADB8E80050134E;
			remoteInfo = LeftSlideOutMenu;
		};
		8D7CFC2C1EADB8EA0050134E /* PBXContainerItemProxy */ = {
			isa = PBXContainerItemProxy;
			containerPortal = 8D7CFC011EADB8E80050134E /* Project object */;
			proxyType = 1;
			remoteGlobalIDString = 8D7CFC081EADB8E80050134E;
			remoteInfo = LeftSlideOutMenu;
		};
/* End PBXContainerItemProxy section */

/* Begin PBXFileReference section */
		8D7CFC091EADB8E80050134E /* LeftSlideOutMenu.app */ = {isa = PBXFileReference; explicitFileType = wrapper.application; includeInIndex = 0; path = LeftSlideOutMenu.app; sourceTree = BUILT_PRODUCTS_DIR; };
		8D7CFC0C1EADB8E80050134E /* AppDelegate.swift */ = {isa = PBXFileReference; lastKnownFileType = sourcecode.swift; path = AppDelegate.swift; sourceTree = "<group>"; };
		8D7CFC0E1EADB8E80050134E /* ViewController.swift */ = {isa = PBXFileReference; lastKnownFileType = sourcecode.swift; path = ViewController.swift; sourceTree = "<group>"; };
		8D7CFC111EADB8E80050134E /* Base */ = {isa = PBXFileReference; lastKnownFileType = file.storyboard; name = Base; path = Base.lproj/Main.storyboard; sourceTree = "<group>"; };
		8D7CFC141EADB8E80050134E /* LeftSlideOutMenu.xcdatamodel */ = {isa = PBXFileReference; lastKnownFileType = wrapper.xcdatamodel; path = LeftSlideOutMenu.xcdatamodel; sourceTree = "<group>"; };
		8D7CFC161EADB8E80050134E /* Assets.xcassets */ = {isa = PBXFileReference; lastKnownFileType = folder.assetcatalog; path = Assets.xcassets; sourceTree = "<group>"; };
		8D7CFC191EADB8E80050134E /* Base */ = {isa = PBXFileReference; lastKnownFileType = file.storyboard; name = Base; path = Base.lproj/LaunchScreen.storyboard; sourceTree = "<group>"; };
		8D7CFC1B1EADB8E80050134E /* Info.plist */ = {isa = PBXFileReference; lastKnownFileType = text.plist.xml; path = Info.plist; sourceTree = "<group>"; };
		8D7CFC201EADB8EA0050134E /* LeftSlideOutMenuTests.xctest */ = {isa = PBXFileReference; explicitFileType = wrapper.cfbundle; includeInIndex = 0; path = LeftSlideOutMenuTests.xctest; sourceTree = BUILT_PRODUCTS_DIR; };
		8D7CFC241EADB8EA0050134E /* LeftSlideOutMenuTests.swift */ = {isa = PBXFileReference; lastKnownFileType = sourcecode.swift; path = LeftSlideOutMenuTests.swift; sourceTree = "<group>"; };
		8D7CFC261EADB8EA0050134E /* Info.plist */ = {isa = PBXFileReference; lastKnownFileType = text.plist.xml; path = Info.plist; sourceTree = "<group>"; };
		8D7CFC2B1EADB8EA0050134E /* LeftSlideOutMenuUITests.xctest */ = {isa = PBXFileReference; explicitFileType = wrapper.cfbundle; includeInIndex = 0; path = LeftSlideOutMenuUITests.xctest; sourceTree = BUILT_PRODUCTS_DIR; };
		8D7CFC2F1EADB8EA0050134E /* LeftSlideOutMenuUITests.swift */ = {isa = PBXFileReference; lastKnownFileType = sourcecode.swift; path = LeftSlideOutMenuUITests.swift; sourceTree = "<group>"; };
		8D7CFC311EADB8EA0050134E /* Info.plist */ = {isa = PBXFileReference; lastKnownFileType = text.plist.xml; path = Info.plist; sourceTree = "<group>"; };
/* End PBXFileReference section */

/* Begin PBXFrameworksBuildPhase section */
		8D7CFC061EADB8E80050134E /* Frameworks */ = {
			isa = PBXFrameworksBuildPhase;
			buildActionMask = 2147483647;
			files = (
			);
			runOnlyForDeploymentPostprocessing = 0;
		};
		8D7CFC1D1EADB8EA0050134E /* Frameworks */ = {
			isa = PBXFrameworksBuildPhase;
			buildActionMask = 2147483647;
			files = (
			);
			runOnlyForDeploymentPostprocessing = 0;
		};
		8D7CFC281EADB8EA0050134E /* Frameworks */ = {
			isa = PBXFrameworksBuildPhase;
			buildActionMask = 2147483647;
			files = (
			);
			runOnlyForDeploymentPostprocessing = 0;
		};
/* End PBXFrameworksBuildPhase section */

/* Begin PBXGroup section */
		8D7CFC001EADB8E80050134E = {
			isa = PBXGroup;
			children = (
				8D7CFC0B1EADB8E80050134E /* LeftSlideOutMenu */,
				8D7CFC231EADB8EA0050134E /* LeftSlideOutMenuTests */,
				8D7CFC2E1EADB8EA0050134E /* LeftSlideOutMenuUITests */,
				8D7CFC0A1EADB8E80050134E /* Products */,
			);
			sourceTree = "<group>";
		};
		8D7CFC0A1EADB8E80050134E /* Products */ = {
			isa = PBXGroup;
			children = (
				8D7CFC091EADB8E80050134E /* LeftSlideOutMenu.app */,
				8D7CFC201EADB8EA0050134E /* LeftSlideOutMenuTests.xctest */,
				8D7CFC2B1EADB8EA0050134E /* LeftSlideOutMenuUITests.xctest */,
			);
			name = Products;
			sourceTree = "<group>";
		};
		8D7CFC0B1EADB8E80050134E /* LeftSlideOutMenu */ = {
			isa = PBXGroup;
			children = (
				8D7CFC0C1EADB8E80050134E /* AppDelegate.swift */,
				8D7CFC0E1EADB8E80050134E /* ViewController.swift */,
				8D7CFC101EADB8E80050134E /* Main.storyboard */,
				8D7CFC161EADB8E80050134E /* Assets.xcassets */,
				8D7CFC181EADB8E80050134E /* LaunchScreen.storyboard */,
				8D7CFC1B1EADB8E80050134E /* Info.plist */,
				8D7CFC131EADB8E80050134E /* LeftSlideOutMenu.xcdatamodeld */,
			);
			path = LeftSlideOutMenu;
			sourceTree = "<group>";
		};
		8D7CFC231EADB8EA0050134E /* LeftSlideOutMenuTests */ = {
			isa = PBXGroup;
			children = (
				8D7CFC241EADB8EA0050134E /* LeftSlideOutMenuTests.swift */,
				8D7CFC261EADB8EA0050134E /* Info.plist */,
			);
			path = LeftSlideOutMenuTests;
			sourceTree = "<group>";
		};
		8D7CFC2E1EADB8EA0050134E /* LeftSlideOutMenuUITests */ = {
			isa = PBXGroup;
			children = (
				8D7CFC2F1EADB8EA0050134E /* LeftSlideOutMenuUITests.swift */,
				8D7CFC311EADB8EA0050134E /* Info.plist */,
			);
			path = LeftSlideOutMenuUITests;
			sourceTree = "<group>";
		};
/* End PBXGroup section */

/* Begin PBXNativeTarget section */
		8D7CFC081EADB8E80050134E /* LeftSlideOutMenu */ = {
			isa = PBXNativeTarget;
			buildConfigurationList = 8D7CFC341EADB8EA0050134E /* Build configuration list for PBXNativeTarget "LeftSlideOutMenu" */;
			buildPhases = (
				8D7CFC051EADB8E80050134E /* Sources */,
				8D7CFC061EADB8E80050134E /* Frameworks */,
				8D7CFC071EADB8E80050134E /* Resources */,
			);
			buildRules = (
			);
			dependencies = (
			);
			name = LeftSlideOutMenu;
			productName = LeftSlideOutMenu;
			productReference = 8D7CFC091EADB8E80050134E /* LeftSlideOutMenu.app */;
			productType = "com.apple.product-type.application";
		};
		8D7CFC1F1EADB8EA0050134E /* LeftSlideOutMenuTests */ = {
			isa = PBXNativeTarget;
			buildConfigurationList = 8D7CFC371EADB8EA0050134E /* Build configuration list for PBXNativeTarget "LeftSlideOutMenuTests" */;
			buildPhases = (
				8D7CFC1C1EADB8EA0050134E /* Sources */,
				8D7CFC1D1EADB8EA0050134E /* Frameworks */,
				8D7CFC1E1EADB8EA0050134E /* Resources */,
			);
			buildRules = (
			);
			dependencies = (
				8D7CFC221EADB8EA0050134E /* PBXTargetDependency */,
			);
			name = LeftSlideOutMenuTests;
			productName = LeftSlideOutMenuTests;
			productReference = 8D7CFC201EADB8EA0050134E /* LeftSlideOutMenuTests.xctest */;
			productType = "com.apple.product-type.bundle.unit-test";
		};
		8D7CFC2A1EADB8EA0050134E /* LeftSlideOutMenuUITests */ = {
			isa = PBXNativeTarget;
			buildConfigurationList = 8D7CFC3A1EADB8EA0050134E /* Build configuration list for PBXNativeTarget "LeftSlideOutMenuUITests" */;
			buildPhases = (
				8D7CFC271EADB8EA0050134E /* Sources */,
				8D7CFC281EADB8EA0050134E /* Frameworks */,
				8D7CFC291EADB8EA0050134E /* Resources */,
			);
			buildRules = (
			);
			dependencies = (
				8D7CFC2D1EADB8EA0050134E /* PBXTargetDependency */,
			);
			name = LeftSlideOutMenuUITests;
			productName = LeftSlideOutMenuUITests;
			productReference = 8D7CFC2B1EADB8EA0050134E /* LeftSlideOutMenuUITests.xctest */;
			productType = "com.apple.product-type.bundle.ui-testing";
		};
/* End PBXNativeTarget section */

/* Begin PBXProject section */
		8D7CFC011EADB8E80050134E /* Project object */ = {
			isa = PBXProject;
			attributes = {
				LastSwiftUpdateCheck = 0830;
				LastUpgradeCheck = 0830;
				ORGANIZATIONNAME = IOS;
				TargetAttributes = {
					8D7CFC081EADB8E80050134E = {
						CreatedOnToolsVersion = 8.3.2;
						ProvisioningStyle = Automatic;
					};
					8D7CFC1F1EADB8EA0050134E = {
						CreatedOnToolsVersion = 8.3.2;
						ProvisioningStyle = Automatic;
						TestTargetID = 8D7CFC081EADB8E80050134E;
					};
					8D7CFC2A1EADB8EA0050134E = {
						CreatedOnToolsVersion = 8.3.2;
						ProvisioningStyle = Automatic;
						TestTargetID = 8D7CFC081EADB8E80050134E;
					};
				};
			};
			buildConfigurationList = 8D7CFC041EADB8E80050134E /* Build configuration list for PBXProject "LeftSlideOutMenu" */;
			compatibilityVersion = "Xcode 3.2";
			developmentRegion = English;
			hasScannedForEncodings = 0;
			knownRegions = (
				en,
				Base,
			);
			mainGroup = 8D7CFC001EADB8E80050134E;
			productRefGroup = 8D7CFC0A1EADB8E80050134E /* Products */;
			projectDirPath = "";
			projectRoot = "";
			targets = (
				8D7CFC081EADB8E80050134E /* LeftSlideOutMenu */,
				8D7CFC1F1EADB8EA0050134E /* LeftSlideOutMenuTests */,
				8D7CFC2A1EADB8EA0050134E /* LeftSlideOutMenuUITests */,
			);
		};
/* End PBXProject section */

/* Begin PBXResourcesBuildPhase section */
		8D7CFC071EADB8E80050134E /* Resources */ = {
			isa = PBXResourcesBuildPhase;
			buildActionMask = 2147483647;
			files = (
				8D7CFC1A1EADB8E80050134E /* LaunchScreen.storyboard in Resources */,
				8D7CFC171EADB8E80050134E /* Assets.xcassets in Resources */,
				8D7CFC121EADB8E80050134E /* Main.storyboard in Resources */,
			);
			runOnlyForDeploymentPostprocessing = 0;
		};
		8D7CFC1E1EADB8EA0050134E /* Resources */ = {
			isa = PBXResourcesBuildPhase;
			buildActionMask = 2147483647;
			files = (
			);
			runOnlyForDeploymentPostprocessing = 0;
		};
		8D7CFC291EADB8EA0050134E /* Resources */ = {
			isa = PBXResourcesBuildPhase;
			buildActionMask = 2147483647;
			files = (
			);
			runOnlyForDeploymentPostprocessing = 0;
		};
/* End PBXResourcesBuildPhase section */

/* Begin PBXSourcesBuildPhase section */
		8D7CFC051EADB8E80050134E /* Sources */ = {
			isa = PBXSourcesBuildPhase;
			buildActionMask = 2147483647;
			files = (
				8D7CFC0F1EADB8E80050134E /* ViewController.swift in Sources */,
				8D7CFC0D1EADB8E80050134E /* AppDelegate.swift in Sources */,
				8D7CFC151EADB8E80050134E /* LeftSlideOutMenu.xcdatamodeld in Sources */,
			);
			runOnlyForDeploymentPostprocessing = 0;
		};
		8D7CFC1C1EADB8EA0050134E /* Sources */ = {
			isa = PBXSourcesBuildPhase;
			buildActionMask = 2147483647;
			files = (
				8D7CFC251EADB8EA0050134E /* LeftSlideOutMenuTests.swift in Sources */,
			);
			runOnlyForDeploymentPostprocessing = 0;
		};
		8D7CFC271EADB8EA0050134E /* Sources */ = {
			isa = PBXSourcesBuildPhase;
			buildActionMask = 2147483647;
			files = (
				8D7CFC301EADB8EA0050134E /* LeftSlideOutMenuUITests.swift in Sources */,
			);
			runOnlyForDeploymentPostprocessing = 0;
		};
/* End PBXSourcesBuildPhase section */

/* Begin PBXTargetDependency section */
		8D7CFC221EADB8EA0050134E /* PBXTargetDependency */ = {
			isa = PBXTargetDependency;
			target = 8D7CFC081EADB8E80050134E /* LeftSlideOutMenu */;
			targetProxy = 8D7CFC211EADB8EA0050134E /* PBXContainerItemProxy */;
		};
		8D7CFC2D1EADB8EA0050134E /* PBXTargetDependency */ = {
			isa = PBXTargetDependency;
			target = 8D7CFC081EADB8E80050134E /* LeftSlideOutMenu */;
			targetProxy = 8D7CFC2C1EADB8EA0050134E /* PBXContainerItemProxy */;
		};
/* End PBXTargetDependency section */

/* Begin PBXVariantGroup section */
		8D7CFC101EADB8E80050134E /* Main.storyboard */ = {
			isa = PBXVariantGroup;
			children = (
				8D7CFC111EADB8E80050134E /* Base */,
			);
			name = Main.storyboard;
			sourceTree = "<group>";
		};
		8D7CFC181EADB8E80050134E /* LaunchScreen.storyboard */ = {
			isa = PBXVariantGroup;
			children = (
				8D7CFC191EADB8E80050134E /* Base */,
			);
			name = LaunchScreen.storyboard;
			sourceTree = "<group>";
		};
/* End PBXVariantGroup section */

/* Begin XCBuildConfiguration section */
		8D7CFC321EADB8EA0050134E /* Debug */ = {
			isa = XCBuildConfiguration;
			buildSettings = {
				ALWAYS_SEARCH_USER_PATHS = NO;
				CLANG_ANALYZER_NONNULL = YES;
				CLANG_ANALYZER_NUMBER_OBJECT_CONVERSION = YES_AGGRESSIVE;
				CLANG_CXX_LANGUAGE_STANDARD = "gnu++0x";
				CLANG_CXX_LIBRARY = "libc++";
				CLANG_ENABLE_MODULES = YES;
				CLANG_ENABLE_OBJC_ARC = YES;
				CLANG_WARN_BOOL_CONVERSION = YES;
				CLANG_WARN_CONSTANT_CONVERSION = YES;
				CLANG_WARN_DIRECT_OBJC_ISA_USAGE = YES_ERROR;
				CLANG_WARN_DOCUMENTATION_COMMENTS = YES;
				CLANG_WARN_EMPTY_BODY = YES;
				CLANG_WARN_ENUM_CONVERSION = YES;
				CLANG_WARN_INFINITE_RECURSION = YES;
				CLANG_WARN_INT_CONVERSION = YES;
				CLANG_WARN_OBJC_ROOT_CLASS = YES_ERROR;
				CLANG_WARN_SUSPICIOUS_MOVE = YES;
				CLANG_WARN_UNREACHABLE_CODE = YES;
				CLANG_WARN__DUPLICATE_METHOD_MATCH = YES;
				"CODE_SIGN_IDENTITY[sdk=iphoneos*]" = "iPhone Developer";
				COPY_PHASE_STRIP = NO;
				DEBUG_INFORMATION_FORMAT = dwarf;
				ENABLE_STRICT_OBJC_MSGSEND = YES;
				ENABLE_TESTABILITY = YES;
				GCC_C_LANGUAGE_STANDARD = gnu99;
				GCC_DYNAMIC_NO_PIC = NO;
				GCC_NO_COMMON_BLOCKS = YES;
				GCC_OPTIMIZATION_LEVEL = 0;
				GCC_PREPROCESSOR_DEFINITIONS = (
					"DEBUG=1",
					"$(inherited)",
				);
				GCC_WARN_64_TO_32_BIT_CONVERSION = YES;
				GCC_WARN_ABOUT_RETURN_TYPE = YES_ERROR;
				GCC_WARN_UNDECLARED_SELECTOR = YES;
				GCC_WARN_UNINITIALIZED_AUTOS = YES_AGGRESSIVE;
				GCC_WARN_UNUSED_FUNCTION = YES;
				GCC_WARN_UNUSED_VARIABLE = YES;
				IPHONEOS_DEPLOYMENT_TARGET = 10.3;
				MTL_ENABLE_DEBUG_INFO = YES;
				ONLY_ACTIVE_ARCH = YES;
				SDKROOT = iphoneos;
				SWIFT_ACTIVE_COMPILATION_CONDITIONS = DEBUG;
				SWIFT_OPTIMIZATION_LEVEL = "-Onone";
				TARGETED_DEVICE_FAMILY = "1,2";
			};
			name = Debug;
		};
		8D7CFC331EADB8EA0050134E /* Release */ = {
			isa = XCBuildConfiguration;
			buildSettings = {
				ALWAYS_SEARCH_USER_PATHS = NO;
				CLANG_ANALYZER_NONNULL = YES;
				CLANG_ANALYZER_NUMBER_OBJECT_CONVERSION = YES_AGGRESSIVE;
				CLANG_CXX_LANGUAGE_STANDARD = "gnu++0x";
				CLANG_CXX_LIBRARY = "libc++";
				CLANG_ENABLE_MODULES = YES;
				CLANG_ENABLE_OBJC_ARC = YES;
				CLANG_WARN_BOOL_CONVERSION = YES;
				CLANG_WARN_CONSTANT_CONVERSION = YES;
				CLANG_WARN_DIRECT_OBJC_ISA_USAGE = YES_ERROR;
				CLANG_WARN_DOCUMENTATION_COMMENTS = YES;
				CLANG_WARN_EMPTY_BODY = YES;
				CLANG_WARN_ENUM_CONVERSION = YES;
				CLANG_WARN_INFINITE_RECURSION = YES;
				CLANG_WARN_INT_CONVERSION = YES;
				CLANG_WARN_OBJC_ROOT_CLASS = YES_ERROR;
				CLANG_WARN_SUSPICIOUS_MOVE = YES;
				CLANG_WARN_UNREACHABLE_CODE = YES;
				CLANG_WARN__DUPLICATE_METHOD_MATCH = YES;
				"CODE_SIGN_IDENTITY[sdk=iphoneos*]" = "iPhone Developer";
				COPY_PHASE_STRIP = NO;
				DEBUG_INFORMATION_FORMAT = "dwarf-with-dsym";
				ENABLE_NS_ASSERTIONS = NO;
				ENABLE_STRICT_OBJC_MSGSEND = YES;
				GCC_C_LANGUAGE_STANDARD = gnu99;
				GCC_NO_COMMON_BLOCKS = YES;
				GCC_WARN_64_TO_32_BIT_CONVERSION = YES;
				GCC_WARN_ABOUT_RETURN_TYPE = YES_ERROR;
				GCC_WARN_UNDECLARED_SELECTOR = YES;
				GCC_WARN_UNINITIALIZED_AUTOS = YES_AGGRESSIVE;
				GCC_WARN_UNUSED_FUNCTION = YES;
				GCC_WARN_UNUSED_VARIABLE = YES;
				IPHONEOS_DEPLOYMENT_TARGET = 10.3;
				MTL_ENABLE_DEBUG_INFO = NO;
				SDKROOT = iphoneos;
				SWIFT_OPTIMIZATION_LEVEL = "-Owholemodule";
				TARGETED_DEVICE_FAMILY = "1,2";
				VALIDATE_PRODUCT = YES;
			};
			name = Release;
		};
		8D7CFC351EADB8EA0050134E /* Debug */ = {
			isa = XCBuildConfiguration;
			buildSettings = {
				ASSETCATALOG_COMPILER_APPICON_NAME = AppIcon;
				INFOPLIST_FILE = LeftSlideOutMenu/Info.plist;
				LD_RUNPATH_SEARCH_PATHS = "$(inherited) @executable_path/Frameworks";
				PRODUCT_BUNDLE_IDENTIFIER = Swift.LeftSlideOutMenu;
				PRODUCT_NAME = "$(TARGET_NAME)";
				SWIFT_VERSION = 3.0;
			};
			name = Debug;
		};
		8D7CFC361EADB8EA0050134E /* Release */ = {
			isa = XCBuildConfiguration;
			buildSettings = {
				ASSETCATALOG_COMPILER_APPICON_NAME = AppIcon;
				INFOPLIST_FILE = LeftSlideOutMenu/Info.plist;
				LD_RUNPATH_SEARCH_PATHS = "$(inherited) @executable_path/Frameworks";
				PRODUCT_BUNDLE_IDENTIFIER = Swift.LeftSlideOutMenu;
				PRODUCT_NAME = "$(TARGET_NAME)";
				SWIFT_VERSION = 3.0;
			};
			name = Release;
		};
		8D7CFC381EADB8EA0050134E /* Debug */ = {
			isa = XCBuildConfiguration;
			buildSettings = {
				ALWAYS_EMBED_SWIFT_STANDARD_LIBRARIES = YES;
				BUNDLE_LOADER = "$(TEST_HOST)";
				INFOPLIST_FILE = LeftSlideOutMenuTests/Info.plist;
				LD_RUNPATH_SEARCH_PATHS = "$(inherited) @executable_path/Frameworks @loader_path/Frameworks";
				PRODUCT_BUNDLE_IDENTIFIER = Swift.LeftSlideOutMenuTests;
				PRODUCT_NAME = "$(TARGET_NAME)";
				SWIFT_VERSION = 3.0;
				TEST_HOST = "$(BUILT_PRODUCTS_DIR)/LeftSlideOutMenu.app/LeftSlideOutMenu";
			};
			name = Debug;
		};
		8D7CFC391EADB8EA0050134E /* Release */ = {
			isa = XCBuildConfiguration;
			buildSettings = {
				ALWAYS_EMBED_SWIFT_STANDARD_LIBRARIES = YES;
				BUNDLE_LOADER = "$(TEST_HOST)";
				INFOPLIST_FILE = LeftSlideOutMenuTests/Info.plist;
				LD_RUNPATH_SEARCH_PATHS = "$(inherited) @executable_path/Frameworks @loader_path/Frameworks";
				PRODUCT_BUNDLE_IDENTIFIER = Swift.LeftSlideOutMenuTests;
				PRODUCT_NAME = "$(TARGET_NAME)";
				SWIFT_VERSION = 3.0;
				TEST_HOST = "$(BUILT_PRODUCTS_DIR)/LeftSlideOutMenu.app/LeftSlideOutMenu";
			};
			name = Release;
		};
		8D7CFC3B1EADB8EA0050134E /* Debug */ = {
			isa = XCBuildConfiguration;
			buildSettings = {
				ALWAYS_EMBED_SWIFT_STANDARD_LIBRARIES = YES;
				INFOPLIST_FILE = LeftSlideOutMenuUITests/Info.plist;
				LD_RUNPATH_SEARCH_PATHS = "$(inherited) @executable_path/Frameworks @loader_path/Frameworks";
				PRODUCT_BUNDLE_IDENTIFIER = Swift.LeftSlideOutMenuUITests;
				PRODUCT_NAME = "$(TARGET_NAME)";
				SWIFT_VERSION = 3.0;
				TEST_TARGET_NAME = LeftSlideOutMenu;
			};
			name = Debug;
		};
		8D7CFC3C1EADB8EA0050134E /* Release */ = {
			isa = XCBuildConfiguration;
			buildSettings = {
				ALWAYS_EMBED_SWIFT_STANDARD_LIBRARIES = YES;
				INFOPLIST_FILE = LeftSlideOutMenuUITests/Info.plist;
				LD_RUNPATH_SEARCH_PATHS = "$(inherited) @executable_path/Frameworks @loader_path/Frameworks";
				PRODUCT_BUNDLE_IDENTIFIER = Swift.LeftSlideOutMenuUITests;
				PRODUCT_NAME = "$(TARGET_NAME)";
				SWIFT_VERSION = 3.0;
				TEST_TARGET_NAME = LeftSlideOutMenu;
			};
			name = Release;
		};
/* End XCBuildConfiguration section */

/* Begin XCConfigurationList section */
		8D7CFC041EADB8E80050134E /* Build configuration list for PBXProject "LeftSlideOutMenu" */ = {
			isa = XCConfigurationList;
			buildConfigurations = (
				8D7CFC321EADB8EA0050134E /* Debug */,
				8D7CFC331EADB8EA0050134E /* Release */,
			);
			defaultConfigurationIsVisible = 0;
			defaultConfigurationName = Release;
		};
		8D7CFC341EADB8EA0050134E /* Build configuration list for PBXNativeTarget "LeftSlideOutMenu" */ = {
			isa = XCConfigurationList;
			buildConfigurations = (
				8D7CFC351EADB8EA0050134E /* Debug */,
				8D7CFC361EADB8EA0050134E /* Release */,
			);
			defaultConfigurationIsVisible = 0;
		};
		8D7CFC371EADB8EA0050134E /* Build configuration list for PBXNativeTarget "LeftSlideOutMenuTests" */ = {
			isa = XCConfigurationList;
			buildConfigurations = (
				8D7CFC381EADB8EA0050134E /* Debug */,
				8D7CFC391EADB8EA0050134E /* Release */,
			);
			defaultConfigurationIsVisible = 0;
		};
		8D7CFC3A1EADB8EA0050134E /* Build configuration list for PBXNativeTarget "LeftSlideOutMenuUITests" */ = {
			isa = XCConfigurationList;
			buildConfigurations = (
				8D7CFC3B1EADB8EA0050134E /* Debug */,
				8D7CFC3C1EADB8EA0050134E /* Release */,
			);
			defaultConfigurationIsVisible = 0;
		};
/* End XCConfigurationList section */

/* Begin XCVersionGroup section */
		8D7CFC131EADB8E80050134E /* LeftSlideOutMenu.xcdatamodeld */ = {
			isa = XCVersionGroup;
			children = (
				8D7CFC141EADB8E80050134E /* LeftSlideOutMenu.xcdatamodel */,
			);
			currentVersion = 8D7CFC141EADB8E80050134E /* LeftSlideOutMenu.xcdatamodel */;
			path = LeftSlideOutMenu.xcdatamodeld;
			sourceTree = "<group>";
			versionGroupType = wrapper.xcdatamodel;
		};
/* End XCVersionGroup section */
	};
	rootObject = 8D7CFC011EADB8E80050134E /* Project object */;
}
